
Microsoft Visual Studio Solution File, Format Version 12.00
# Visual Studio Version 16
VisualStudioVersion = 16.0.32802.440
MinimumVisualStudioVersion = 10.0.40219.1
Project("{FAE04EC0-301F-11D3-BF4B-00C04F79EFBC}") = "Demo_delegate_Multi_Casting", "Demo_delegate_Multi_Casting\Demo_delegate_Multi_Casting.csproj", "{62BE0AD5-7D72-486D-B703-1B7709B156C0}"
EndProject
Global
	GlobalSection(SolutionConfigurationPlatforms) = preSolution
		Debug|Any CPU = Debug|Any CPU
		Release|Any CPU = Release|Any CPU
	EndGlobalSection
	GlobalSection(ProjectConfigurationPlatforms) = postSolution
		{62BE0AD5-7D72-486D-B703-1B7709B156C0}.Debug|Any CPU.ActiveCfg = Debug|Any CPU
		{62BE0AD5-7D72-486D-B703-1B7709B156C0}.Debug|Any CPU.Build.0 = Debug|Any CPU
		{62BE0AD5-7D72-486D-B703-1B7709B156C0}.Release|Any CPU.ActiveCfg = Release|Any CPU
		{62BE0AD5-7D72-486D-B703-1B7709B156C0}.Release|Any CPU.Build.0 = Release|Any CPU
	EndGlobalSection
	GlobalSection(SolutionProperties) = preSolution
		HideSolutionNode = FALSE
	EndGlobalSection
	GlobalSection(ExtensibilityGlobals) = postSolution
		SolutionGuid = {2E3757E3-6712-4A58-A7C0-033ABDBCCE91}
	EndGlobalSection
EndGlobal
